
Microsoft Visual Studio Solution File, Format Version 12.00
# Visual Studio Version 16
VisualStudioVersion = 16.0.30413.136
MinimumVisualStudioVersion = 10.0.40219.1
Project("{FAE04EC0-301F-11D3-BF4B-00C04F79EFBC}") = "ShoppingListTEST", "ShoppingListTEST\ShoppingListTEST.csproj", "{B794B045-329E-497A-A3F6-0E2ABF1C1A1C}"
EndProject
Global
	GlobalSection(SolutionConfigurationPlatforms) = preSolution
		Debug|Any CPU = Debug|Any CPU
		Release|Any CPU = Release|Any CPU
	EndGlobalSection
	GlobalSection(ProjectConfigurationPlatforms) = postSolution
		{B794B045-329E-497A-A3F6-0E2ABF1C1A1C}.Debug|Any CPU.ActiveCfg = Debug|Any CPU
		{B794B045-329E-497A-A3F6-0E2ABF1C1A1C}.Debug|Any CPU.Build.0 = Debug|Any CPU
		{B794B045-329E-497A-A3F6-0E2ABF1C1A1C}.Release|Any CPU.ActiveCfg = Release|Any CPU
		{B794B045-329E-497A-A3F6-0E2ABF1C1A1C}.Release|Any CPU.Build.0 = Release|Any CPU
	EndGlobalSection
	GlobalSection(SolutionProperties) = preSolution
		HideSolutionNode = FALSE
	EndGlobalSection
	GlobalSection(ExtensibilityGlobals) = postSolution
		SolutionGuid = {55291DD7-63C5-43EE-BBA0-643A6F932F6C}
	EndGlobalSection
EndGlobal
